{
  "version": 4,
  "terraform_version": "0.12.26",
  "serial": 18,
  "lineage": "1c22c516-d63e-a264-f3e3-baffd49c6639",
  "outputs": {
    "tls_private_key": {
      "value": "-----BEGIN RSA PRIVATE KEY-----\nMIIJKgIBAAKCAgEA31lBoqXEtLknRBqZlYRxZIPcEVCrePwecBCQt3071tjkJPL6\nujGksYNZmyQ/4fEKhbn5cNnalYD37bHyaYMGWJbYAVdVQWinHkLJfBD/HT/PlBU9\nInmCGc/ZW57QBO9GyN1FpA1uwHHu5wbOKFvplSSD0beQNqNcRBMDvNXR3o2lK66M\n0oP1BRypbQTFRj1+K2cvEADQMZHwKmqPjAnIJYKHyk5diOhftmZ3SqgXxerc899m\nQ0vlM64o06mw2yByZHdL48of7eAAufbbpmn35Wfw7DCFoFq9MWTKLzD00iezB801\nGV5JF+PCvlneh5oQgJvlcGEfTvA3q8UnFgMYFG5vFnfPz7KusChRf3qsr71Zd7BF\nLCMqDGmjb6ezvBZIia1fBdr3ZD5789jlzn+XeZkZAsn9KKOgpvMyinUXA7ORMiT7\naQ4ApR1gx1adNsGWWQSARdYdEKn7DMhET8W0KSdPzwezRXzzNGe54pMCZuAmMc7T\ng7X/u8FDNI8HaSJvI6brkd+TCS9i/eceXEECBfc18tFcCTS8Ye9vfFRR89oYFRZQ\n213zmSZmlJRxzlsAzaplHdun0Kn6VTvbzaF+6h5H4NBDmQcE/43BMTOcyg/Ee1Bl\nNAZZi78S3JuFaTNinZ+QMyA5/z+1qHE74hPkUJc8U/q5tgY+vyfON/GWI3MCAwEA\nAQKCAgBwkMWZub5H70Ew+88IIjYcGLDjMSsa0MZuaIrnT4DHKYziamufR8HfjXmt\nzTk9IITTHQXwsHuP+e36qEKqltSt9WhsVJ2tV5dSkwqFMvPAxBZUZdfn9iFx7OV5\nXbMtqYKdXZfptLNq3oEvgqiIgrpY5oxhOAjA4Nhxnru1gnZBmlXyjAiBWOw2ZVmm\njk72tatPKLP5ds93DDxkxEwQoiVzcjQJ7DEL/UGv5jidMda5c0NkzeT2advcjhwZ\ngV6XMeU1aUKgTZCGDO2QzC+r0aCUyCwOfe37AYB00n1sB1p8SHHcrrniTTi9h5bw\n5M5YvXcvumKKnwhuenc0ZSrr1ydcw7wbnKLDAm8KLzlCtb1pmGGjKzm8TSIVF0x/\nJwo52INCJ5Y+mfLHq6TibzwVPCXVntg26zXGXqZOuL83ItDbVO+2MF5QaFI6nglI\n+OlcucDpXqXlZ6IAZ/TCX8qmppe/lH03EKoLoO4BMSyntql0gP8slZnrOaOHdcwY\nkS8pNRA1f/2MLtcECYod9RQhLC2yiSO7lqR66lOp5SoRl8eMR2rwAgA4IbssH+Kx\n7O0M+ankwjA886N69k35ORwoZPKYbug4HZDJbMzLs2RCcE6D/9COxXwgRt0GWLZb\nJE2jJVIw4UWw9C5BkJCWv4HUmqOyKTi07J/+aC6uArHQ11WakQKCAQEA7qF6oRt0\n1DcT+5BZvdw4tATKAEQexZDKTXFW0HYTyp+qdCndR3gXpOwnwaUxkXsfSPd/a/nO\nwdHVSSHgmKbg8bwWPjz2YjpTtJHcFWCB0W8M0gEvCMOFB6tdkvMIoyvcHuktokug\nBRYOeiFmGrSiHFNsBqf1Bz1aUcs//0dRHvJ4+X1/FqbpPCmjyVAaB6JvqPQ/vTYS\n+anHYswBmOVFlN+kmIZWUU7Fp5dkqdcGKnGlooGL1sd0mnUG9/KHSBMn03Vw4hIP\nefaCfNaDXUKDyryQbmYKU6SKAooo0BnfLOWVnPCibl82Rn/qvEj8LitBkCmKhQvU\nDaDYoS3bJvKr5QKCAQEA75sEspWKpkaHZr+NIyq3oYawORamGzhcAG+9wpknPlXv\npeXidp+jK4PwNRaCLGquco9e+adi9l9fCpM+z36kxCJPoLTM3eJ55WgTvfi40fnL\nF6OIGmEQKx1Vm53VjIqEJxoyvCfbc2r7Xln+m0vOcxinlHBwCl1d/9lQjOZ4rS59\nkV1shHnUJUaYBLV0fd2m1r3LnS1YAVOk+aRvQzR5M+lvWj7Sub/kYiBCWaGSfQzZ\n56OWs4n7qUS7YmQf4fJUFWZ63EB1B+Kh1UjRfEDJ0xgEwPT+/CgP0D7zDKCCs5AY\nlcU7JTg6N8VhEl6FYlVlbGWnjG17uYzRG7eKRzuMdwKCAQEA35mdz5JroWJOrh0v\nifDtjPkj0qYB83vdpD08bK8HkoiT7q8/sfU8qoPCKPhCfyBQS03mLuXvr7uP0CwX\nSNKt2rU0XnM/JwGiZ4N5Juq8GeOlrq3/RYX3hB013DkwcbzqUGiMIxQbyEhHnnbn\nNsTlVgdxJLeCqJr7o8MAn5JS1926L4VBbZdO2tnlqAAPs/GoETd09jXSB/DnbJLe\nOEc1MO9ySp0uCpf2Kzh30ZEzLNg6rRAYWVOh1g0sT28JBic03TahZKQprk2nLZTP\nmLZ3yaNw7pFcwc1eqEyPO5fSgD5MN7dfbG547Ax2hqEY86YClDPooQxZUb/S3Qyb\n2l3vZQKCAQEAm7QFDXgYLY1Pl/mKYfv0cMbx5WdOcgnh33a9vaOA2QVHQmttCuEa\nS8Dla9pApVR+IHwCoAGiUbAQNvMQsg3+TGZvkGNtbhMqW2WSzrS+hdTpoWbnnxzM\nQPhDFWkvyLCKyE5CAft0pEA1MU8SISDV+/1diRy38kRSPVye97EdYoz/lGM9jakN\nr1t8ljLEjLZpIMsdcfpxYgtU/dVZaDbFPHLJpb+FeKe2Zf3IoC5a32BmihzIZcuY\n+pprmrit70pmUbHSzSYl5wXjXJKBb1k6zi6hiDKtMHdoL0946g+0X7OYBluw37L2\nQh/FwQYjb49G5XX5t0u+Rwm3KWfQOBH+aQKCAQEAz9oqX5bQgaO9GjckXLTxcrk5\nFWEBjQ8uKyU5xLEfGWofMYFzFviA9D2aeIMQ2z6PIY+N1BpPLjZvElLMOAFJcEgV\nCOwOcSPVnIy/kiNW4d6JG8SVDJrKGrx2ekjSmGIT51ewXDoxvPgISXflJnHgjkIh\nMHUNXrVVK2mx5GjB2CCfqtCwtW6lncdR5XCOrRUWzgYS+xNXtO0+t+/+EZ/qzKY1\nX0QoogkEkLXvNcunbq5zF5H45A+2wv1JT+FQDjhfeFhTxvGrpUxSFMbFWy/ONNZN\nrZZNp8XxNfyNK9952I0f9/fznNjUu+N3pEXhgPuxLnIMEwDkHX3rbQuQPs9gOA==\n-----END RSA PRIVATE KEY-----\n",
      "type": "string"
    }
  },
  "resources": [
    {
      "mode": "managed",
      "type": "azurerm_network_interface",
      "name": "Terraformnic",
      "provider": "provider.azurerm",
      "instances": [
        {
          "schema_version": 0,
          "attributes": {
            "applied_dns_servers": [],
            "dns_servers": [],
            "enable_accelerated_networking": false,
            "enable_ip_forwarding": false,
            "id": "/subscriptions/9d0796f5-ae31-4ed1-a9d7-b117655f9318/resourceGroups/Demoterraformrsc/providers/Microsoft.Network/networkInterfaces/terraformdemo-nic",
            "internal_dns_name_label": "",
            "internal_domain_name_suffix": "w2goeihpgkhullkwh403gv3hjd.dx.internal.cloudapp.net",
            "ip_configuration": [
              {
                "name": "terraformipconfig",
                "primary": true,
                "private_ip_address": "192.168.0.50",
                "private_ip_address_allocation": "Static",
                "private_ip_address_version": "IPv4",
                "public_ip_address_id": "/subscriptions/9d0796f5-ae31-4ed1-a9d7-b117655f9318/resourceGroups/Demoterraformrsc/providers/Microsoft.Network/publicIPAddresses/TerraformPublicIP1",
                "subnet_id": "/subscriptions/9d0796f5-ae31-4ed1-a9d7-b117655f9318/resourceGroups/Demoterraformrsc/providers/Microsoft.Network/virtualNetworks/Demovnet/subnets/demosubnet"
              }
            ],
            "location": "westus",
            "mac_address": "",
            "name": "terraformdemo-nic",
            "private_ip_address": "192.168.0.50",
            "private_ip_addresses": [
              "192.168.0.50"
            ],
            "resource_group_name": "Demoterraformrsc",
            "tags": {},
            "timeouts": null,
            "virtual_machine_id": ""
          },
          "private": "eyJlMmJmYjczMC1lY2FhLTExZTYtOGY4OC0zNDM2M2JjN2M0YzAiOnsiY3JlYXRlIjoxODAwMDAwMDAwMDAwLCJkZWxldGUiOjE4MDAwMDAwMDAwMDAsInJlYWQiOjMwMDAwMDAwMDAwMCwidXBkYXRlIjoxODAwMDAwMDAwMDAwfX0=",
          "dependencies": [
            "azurerm_public_ip.TerraformPublicIP1",
            "azurerm_resource_group.terraformrscgroup",
            "azurerm_subnet.subnet"
          ]
        }
      ]
    },
    {
      "mode": "managed",
      "type": "azurerm_network_interface_security_group_association",
      "name": "example",
      "provider": "provider.azurerm",
      "instances": [
        {
          "schema_version": 0,
          "attributes": {
            "id": "/subscriptions/9d0796f5-ae31-4ed1-a9d7-b117655f9318/resourceGroups/Demoterraformrsc/providers/Microsoft.Network/networkInterfaces/terraformdemo-nic|/subscriptions/9d0796f5-ae31-4ed1-a9d7-b117655f9318/resourceGroups/Demoterraformrsc/providers/Microsoft.Network/networkSecurityGroups/myNetworkSecurityGroup",
            "network_interface_id": "/subscriptions/9d0796f5-ae31-4ed1-a9d7-b117655f9318/resourceGroups/Demoterraformrsc/providers/Microsoft.Network/networkInterfaces/terraformdemo-nic",
            "network_security_group_id": "/subscriptions/9d0796f5-ae31-4ed1-a9d7-b117655f9318/resourceGroups/Demoterraformrsc/providers/Microsoft.Network/networkSecurityGroups/myNetworkSecurityGroup",
            "timeouts": null
          },
          "private": "eyJlMmJmYjczMC1lY2FhLTExZTYtOGY4OC0zNDM2M2JjN2M0YzAiOnsiY3JlYXRlIjoxODAwMDAwMDAwMDAwLCJkZWxldGUiOjE4MDAwMDAwMDAwMDAsInJlYWQiOjMwMDAwMDAwMDAwMCwidXBkYXRlIjoxODAwMDAwMDAwMDAwfX0=",
          "dependencies": [
            "azurerm_network_interface.Terraformnic",
            "azurerm_network_security_group.myterraformnsg"
          ]
        }
      ]
    },
    {
      "mode": "managed",
      "type": "azurerm_network_security_group",
      "name": "myterraformnsg",
      "provider": "provider.azurerm",
      "instances": [
        {
          "schema_version": 0,
          "attributes": {
            "id": "/subscriptions/9d0796f5-ae31-4ed1-a9d7-b117655f9318/resourceGroups/Demoterraformrsc/providers/Microsoft.Network/networkSecurityGroups/myNetworkSecurityGroup",
            "location": "westus",
            "name": "myNetworkSecurityGroup",
            "resource_group_name": "Demoterraformrsc",
            "security_rule": [
              {
                "access": "Allow",
                "description": "",
                "destination_address_prefix": "*",
                "destination_address_prefixes": [],
                "destination_application_security_group_ids": [],
                "destination_port_range": "5252",
                "destination_port_ranges": [],
                "direction": "Inbound",
                "name": "SSH",
                "priority": 1001,
                "protocol": "Tcp",
                "source_address_prefix": "*",
                "source_address_prefixes": [],
                "source_application_security_group_ids": [],
                "source_port_range": "*",
                "source_port_ranges": []
              }
            ],
            "tags": {
              "environment": "Terraform NSG"
            },
            "timeouts": null
          },
          "private": "eyJlMmJmYjczMC1lY2FhLTExZTYtOGY4OC0zNDM2M2JjN2M0YzAiOnsiY3JlYXRlIjoxODAwMDAwMDAwMDAwLCJkZWxldGUiOjE4MDAwMDAwMDAwMDAsInJlYWQiOjMwMDAwMDAwMDAwMCwidXBkYXRlIjoxODAwMDAwMDAwMDAwfX0=",
          "dependencies": [
            "azurerm_resource_group.terraformrscgroup"
          ]
        }
      ]
    },
    {
      "mode": "managed",
      "type": "azurerm_public_ip",
      "name": "TerraformPublicIP1",
      "provider": "provider.azurerm",
      "instances": [
        {
          "schema_version": 0,
          "attributes": {
            "allocation_method": "Dynamic",
            "domain_name_label": null,
            "fqdn": null,
            "id": "/subscriptions/9d0796f5-ae31-4ed1-a9d7-b117655f9318/resourceGroups/Demoterraformrsc/providers/Microsoft.Network/publicIPAddresses/TerraformPublicIP1",
            "idle_timeout_in_minutes": 4,
            "ip_address": "",
            "ip_version": "IPv4",
            "location": "westus",
            "name": "TerraformPublicIP1",
            "public_ip_prefix_id": null,
            "resource_group_name": "Demoterraformrsc",
            "reverse_fqdn": null,
            "sku": "Basic",
            "tags": {
              "environment": "Public IP"
            },
            "timeouts": null,
            "zones": []
          },
          "private": "eyJlMmJmYjczMC1lY2FhLTExZTYtOGY4OC0zNDM2M2JjN2M0YzAiOnsiY3JlYXRlIjoxODAwMDAwMDAwMDAwLCJkZWxldGUiOjE4MDAwMDAwMDAwMDAsInJlYWQiOjMwMDAwMDAwMDAwMCwidXBkYXRlIjoxODAwMDAwMDAwMDAwfX0=",
          "dependencies": [
            "azurerm_resource_group.terraformrscgroup"
          ]
        }
      ]
    },
    {
      "mode": "managed",
      "type": "azurerm_resource_group",
      "name": "terraformrscgroup",
      "provider": "provider.azurerm",
      "instances": [
        {
          "schema_version": 0,
          "attributes": {
            "id": "/subscriptions/9d0796f5-ae31-4ed1-a9d7-b117655f9318/resourceGroups/Demoterraformrsc",
            "location": "westus",
            "name": "Demoterraformrsc",
            "tags": {},
            "timeouts": null
          },
          "private": "eyJlMmJmYjczMC1lY2FhLTExZTYtOGY4OC0zNDM2M2JjN2M0YzAiOnsiY3JlYXRlIjo1NDAwMDAwMDAwMDAwLCJkZWxldGUiOjU0MDAwMDAwMDAwMDAsInJlYWQiOjMwMDAwMDAwMDAwMCwidXBkYXRlIjo1NDAwMDAwMDAwMDAwfX0="
        }
      ]
    },
    {
      "mode": "managed",
      "type": "azurerm_storage_account",
      "name": "strgacbootdg",
      "provider": "provider.azurerm",
      "instances": [
        {
          "schema_version": 2,
          "attributes": {
            "access_tier": "Hot",
            "account_kind": "StorageV2",
            "account_replication_type": "LRS",
            "account_tier": "Standard",
            "blob_properties": [],
            "custom_domain": [],
            "enable_https_traffic_only": true,
            "id": "/subscriptions/9d0796f5-ae31-4ed1-a9d7-b117655f9318/resourceGroups/Demoterraformrsc/providers/Microsoft.Storage/storageAccounts/ltfbootdiagnostics",
            "identity": [],
            "is_hns_enabled": false,
            "location": "westus",
            "name": "ltfbootdiagnostics",
            "network_rules": [
              {
                "bypass": [
                  "AzureServices"
                ],
                "default_action": "Allow",
                "ip_rules": [],
                "virtual_network_subnet_ids": []
              }
            ],
            "primary_access_key": "YStns7IQ3uMpGKgTeSiTTHfEczQdF3A6Ey6l0WqnwJCEfqlbDuabXdUgyDlIIszhI1HeuBo0umXxsl4F31/fTw==",
            "primary_blob_connection_string": "DefaultEndpointsProtocol=https;BlobEndpoint=https://ltfbootdiagnostics.blob.core.windows.net/;AccountName=ltfbootdiagnostics;AccountKey=YStns7IQ3uMpGKgTeSiTTHfEczQdF3A6Ey6l0WqnwJCEfqlbDuabXdUgyDlIIszhI1HeuBo0umXxsl4F31/fTw==",
            "primary_blob_endpoint": "https://ltfbootdiagnostics.blob.core.windows.net/",
            "primary_blob_host": "ltfbootdiagnostics.blob.core.windows.net",
            "primary_connection_string": "DefaultEndpointsProtocol=https;AccountName=ltfbootdiagnostics;AccountKey=YStns7IQ3uMpGKgTeSiTTHfEczQdF3A6Ey6l0WqnwJCEfqlbDuabXdUgyDlIIszhI1HeuBo0umXxsl4F31/fTw==;EndpointSuffix=core.windows.net",
            "primary_dfs_endpoint": "https://ltfbootdiagnostics.dfs.core.windows.net/",
            "primary_dfs_host": "ltfbootdiagnostics.dfs.core.windows.net",
            "primary_file_endpoint": "https://ltfbootdiagnostics.file.core.windows.net/",
            "primary_file_host": "ltfbootdiagnostics.file.core.windows.net",
            "primary_location": "westus",
            "primary_queue_endpoint": "https://ltfbootdiagnostics.queue.core.windows.net/",
            "primary_queue_host": "ltfbootdiagnostics.queue.core.windows.net",
            "primary_table_endpoint": "https://ltfbootdiagnostics.table.core.windows.net/",
            "primary_table_host": "ltfbootdiagnostics.table.core.windows.net",
            "primary_web_endpoint": "https://ltfbootdiagnostics.z22.web.core.windows.net/",
            "primary_web_host": "ltfbootdiagnostics.z22.web.core.windows.net",
            "queue_properties": [
              {
                "cors_rule": [],
                "hour_metrics": [
                  {
                    "enabled": true,
                    "include_apis": true,
                    "retention_policy_days": 7,
                    "version": "1.0"
                  }
                ],
                "logging": [
                  {
                    "delete": false,
                    "read": false,
                    "retention_policy_days": 0,
                    "version": "1.0",
                    "write": false
                  }
                ],
                "minute_metrics": [
                  {
                    "enabled": false,
                    "include_apis": false,
                    "retention_policy_days": 0,
                    "version": "1.0"
                  }
                ]
              }
            ],
            "resource_group_name": "Demoterraformrsc",
            "secondary_access_key": "BqsJa9ao138dThwb/XqutKZxLlADVO006mzA56daKf5x4VxtkrRFy0rnGgGUMEWj9tjYfBCsScq7Xd+eZhTZkw==",
            "secondary_blob_connection_string": "",
            "secondary_blob_endpoint": null,
            "secondary_blob_host": null,
            "secondary_connection_string": "DefaultEndpointsProtocol=https;AccountName=ltfbootdiagnostics;AccountKey=BqsJa9ao138dThwb/XqutKZxLlADVO006mzA56daKf5x4VxtkrRFy0rnGgGUMEWj9tjYfBCsScq7Xd+eZhTZkw==;EndpointSuffix=core.windows.net",
            "secondary_dfs_endpoint": null,
            "secondary_dfs_host": null,
            "secondary_file_endpoint": null,
            "secondary_file_host": null,
            "secondary_location": "",
            "secondary_queue_endpoint": null,
            "secondary_queue_host": null,
            "secondary_table_endpoint": null,
            "secondary_table_host": null,
            "secondary_web_endpoint": null,
            "secondary_web_host": null,
            "static_website": [],
            "tags": {
              "environment": "Boot Diagnostics"
            },
            "timeouts": null
          },
          "private": "eyJlMmJmYjczMC1lY2FhLTExZTYtOGY4OC0zNDM2M2JjN2M0YzAiOnsiY3JlYXRlIjozNjAwMDAwMDAwMDAwLCJkZWxldGUiOjM2MDAwMDAwMDAwMDAsInJlYWQiOjMwMDAwMDAwMDAwMCwidXBkYXRlIjozNjAwMDAwMDAwMDAwfSwic2NoZW1hX3ZlcnNpb24iOiIyIn0=",
          "dependencies": [
            "azurerm_resource_group.terraformrscgroup"
          ]
        }
      ]
    },
    {
      "mode": "managed",
      "type": "azurerm_subnet",
      "name": "subnet",
      "provider": "provider.azurerm",
      "instances": [
        {
          "schema_version": 0,
          "attributes": {
            "address_prefix": "192.168.0.0/24",
            "address_prefixes": [
              "192.168.0.0/24"
            ],
            "delegation": [],
            "enforce_private_link_endpoint_network_policies": false,
            "enforce_private_link_service_network_policies": false,
            "id": "/subscriptions/9d0796f5-ae31-4ed1-a9d7-b117655f9318/resourceGroups/Demoterraformrsc/providers/Microsoft.Network/virtualNetworks/Demovnet/subnets/demosubnet",
            "name": "demosubnet",
            "resource_group_name": "Demoterraformrsc",
            "service_endpoints": [],
            "timeouts": null,
            "virtual_network_name": "Demovnet"
          },
          "private": "eyJlMmJmYjczMC1lY2FhLTExZTYtOGY4OC0zNDM2M2JjN2M0YzAiOnsiY3JlYXRlIjoxODAwMDAwMDAwMDAwLCJkZWxldGUiOjE4MDAwMDAwMDAwMDAsInJlYWQiOjMwMDAwMDAwMDAwMCwidXBkYXRlIjoxODAwMDAwMDAwMDAwfX0=",
          "dependencies": [
            "azurerm_resource_group.terraformrscgroup",
            "azurerm_virtual_network.terraformvnet"
          ]
        }
      ]
    },
    {
      "mode": "managed",
      "type": "azurerm_virtual_network",
      "name": "terraformvnet",
      "provider": "provider.azurerm",
      "instances": [
        {
          "schema_version": 0,
          "attributes": {
            "address_space": [
              "192.168.0.0/24"
            ],
            "ddos_protection_plan": [],
            "dns_servers": [],
            "guid": "20e20cb7-32ef-458f-ad56-3fb5d357a74b",
            "id": "/subscriptions/9d0796f5-ae31-4ed1-a9d7-b117655f9318/resourceGroups/Demoterraformrsc/providers/Microsoft.Network/virtualNetworks/Demovnet",
            "location": "westus",
            "name": "Demovnet",
            "resource_group_name": "Demoterraformrsc",
            "subnet": [
              {
                "address_prefix": "192.168.0.0/24",
                "id": "/subscriptions/9d0796f5-ae31-4ed1-a9d7-b117655f9318/resourceGroups/Demoterraformrsc/providers/Microsoft.Network/virtualNetworks/Demovnet/subnets/demosubnet",
                "name": "demosubnet",
                "security_group": ""
              }
            ],
            "tags": {
              "environment": "Terraform Demo"
            },
            "timeouts": null
          },
          "private": "eyJlMmJmYjczMC1lY2FhLTExZTYtOGY4OC0zNDM2M2JjN2M0YzAiOnsiY3JlYXRlIjoxODAwMDAwMDAwMDAwLCJkZWxldGUiOjE4MDAwMDAwMDAwMDAsInJlYWQiOjMwMDAwMDAwMDAwMCwidXBkYXRlIjoxODAwMDAwMDAwMDAwfX0=",
          "dependencies": [
            "azurerm_resource_group.terraformrscgroup"
          ]
        }
      ]
    },
    {
      "mode": "managed",
      "type": "random_id",
      "name": "ramdonidgnr",
      "provider": "provider.random",
      "instances": [
        {
          "schema_version": 0,
          "attributes": {
            "b64": "ppeFlU-TPXw",
            "b64_std": "ppeFlU+TPXw=",
            "b64_url": "ppeFlU-TPXw",
            "byte_length": 8,
            "dec": "12004210208111017340",
            "hex": "a69785954f933d7c",
            "id": "ppeFlU-TPXw",
            "keepers": {
              "resource_group_name": "Demoterraformrsc"
            },
            "prefix": null
          },
          "private": "bnVsbA==",
          "dependencies": [
            "azurerm_resource_group.terraformrscgroup"
          ]
        }
      ]
    },
    {
      "mode": "managed",
      "type": "tls_private_key",
      "name": "example_ssh",
      "provider": "provider.tls",
      "instances": [
        {
          "schema_version": 0,
          "attributes": {
            "algorithm": "RSA",
            "ecdsa_curve": "P224",
            "id": "c4acf8431f1e535c75935cae50d869ff1cb9a3a6",
            "private_key_pem": "-----BEGIN RSA PRIVATE KEY-----\nMIIJKgIBAAKCAgEA31lBoqXEtLknRBqZlYRxZIPcEVCrePwecBCQt3071tjkJPL6\nujGksYNZmyQ/4fEKhbn5cNnalYD37bHyaYMGWJbYAVdVQWinHkLJfBD/HT/PlBU9\nInmCGc/ZW57QBO9GyN1FpA1uwHHu5wbOKFvplSSD0beQNqNcRBMDvNXR3o2lK66M\n0oP1BRypbQTFRj1+K2cvEADQMZHwKmqPjAnIJYKHyk5diOhftmZ3SqgXxerc899m\nQ0vlM64o06mw2yByZHdL48of7eAAufbbpmn35Wfw7DCFoFq9MWTKLzD00iezB801\nGV5JF+PCvlneh5oQgJvlcGEfTvA3q8UnFgMYFG5vFnfPz7KusChRf3qsr71Zd7BF\nLCMqDGmjb6ezvBZIia1fBdr3ZD5789jlzn+XeZkZAsn9KKOgpvMyinUXA7ORMiT7\naQ4ApR1gx1adNsGWWQSARdYdEKn7DMhET8W0KSdPzwezRXzzNGe54pMCZuAmMc7T\ng7X/u8FDNI8HaSJvI6brkd+TCS9i/eceXEECBfc18tFcCTS8Ye9vfFRR89oYFRZQ\n213zmSZmlJRxzlsAzaplHdun0Kn6VTvbzaF+6h5H4NBDmQcE/43BMTOcyg/Ee1Bl\nNAZZi78S3JuFaTNinZ+QMyA5/z+1qHE74hPkUJc8U/q5tgY+vyfON/GWI3MCAwEA\nAQKCAgBwkMWZub5H70Ew+88IIjYcGLDjMSsa0MZuaIrnT4DHKYziamufR8HfjXmt\nzTk9IITTHQXwsHuP+e36qEKqltSt9WhsVJ2tV5dSkwqFMvPAxBZUZdfn9iFx7OV5\nXbMtqYKdXZfptLNq3oEvgqiIgrpY5oxhOAjA4Nhxnru1gnZBmlXyjAiBWOw2ZVmm\njk72tatPKLP5ds93DDxkxEwQoiVzcjQJ7DEL/UGv5jidMda5c0NkzeT2advcjhwZ\ngV6XMeU1aUKgTZCGDO2QzC+r0aCUyCwOfe37AYB00n1sB1p8SHHcrrniTTi9h5bw\n5M5YvXcvumKKnwhuenc0ZSrr1ydcw7wbnKLDAm8KLzlCtb1pmGGjKzm8TSIVF0x/\nJwo52INCJ5Y+mfLHq6TibzwVPCXVntg26zXGXqZOuL83ItDbVO+2MF5QaFI6nglI\n+OlcucDpXqXlZ6IAZ/TCX8qmppe/lH03EKoLoO4BMSyntql0gP8slZnrOaOHdcwY\nkS8pNRA1f/2MLtcECYod9RQhLC2yiSO7lqR66lOp5SoRl8eMR2rwAgA4IbssH+Kx\n7O0M+ankwjA886N69k35ORwoZPKYbug4HZDJbMzLs2RCcE6D/9COxXwgRt0GWLZb\nJE2jJVIw4UWw9C5BkJCWv4HUmqOyKTi07J/+aC6uArHQ11WakQKCAQEA7qF6oRt0\n1DcT+5BZvdw4tATKAEQexZDKTXFW0HYTyp+qdCndR3gXpOwnwaUxkXsfSPd/a/nO\nwdHVSSHgmKbg8bwWPjz2YjpTtJHcFWCB0W8M0gEvCMOFB6tdkvMIoyvcHuktokug\nBRYOeiFmGrSiHFNsBqf1Bz1aUcs//0dRHvJ4+X1/FqbpPCmjyVAaB6JvqPQ/vTYS\n+anHYswBmOVFlN+kmIZWUU7Fp5dkqdcGKnGlooGL1sd0mnUG9/KHSBMn03Vw4hIP\nefaCfNaDXUKDyryQbmYKU6SKAooo0BnfLOWVnPCibl82Rn/qvEj8LitBkCmKhQvU\nDaDYoS3bJvKr5QKCAQEA75sEspWKpkaHZr+NIyq3oYawORamGzhcAG+9wpknPlXv\npeXidp+jK4PwNRaCLGquco9e+adi9l9fCpM+z36kxCJPoLTM3eJ55WgTvfi40fnL\nF6OIGmEQKx1Vm53VjIqEJxoyvCfbc2r7Xln+m0vOcxinlHBwCl1d/9lQjOZ4rS59\nkV1shHnUJUaYBLV0fd2m1r3LnS1YAVOk+aRvQzR5M+lvWj7Sub/kYiBCWaGSfQzZ\n56OWs4n7qUS7YmQf4fJUFWZ63EB1B+Kh1UjRfEDJ0xgEwPT+/CgP0D7zDKCCs5AY\nlcU7JTg6N8VhEl6FYlVlbGWnjG17uYzRG7eKRzuMdwKCAQEA35mdz5JroWJOrh0v\nifDtjPkj0qYB83vdpD08bK8HkoiT7q8/sfU8qoPCKPhCfyBQS03mLuXvr7uP0CwX\nSNKt2rU0XnM/JwGiZ4N5Juq8GeOlrq3/RYX3hB013DkwcbzqUGiMIxQbyEhHnnbn\nNsTlVgdxJLeCqJr7o8MAn5JS1926L4VBbZdO2tnlqAAPs/GoETd09jXSB/DnbJLe\nOEc1MO9ySp0uCpf2Kzh30ZEzLNg6rRAYWVOh1g0sT28JBic03TahZKQprk2nLZTP\nmLZ3yaNw7pFcwc1eqEyPO5fSgD5MN7dfbG547Ax2hqEY86YClDPooQxZUb/S3Qyb\n2l3vZQKCAQEAm7QFDXgYLY1Pl/mKYfv0cMbx5WdOcgnh33a9vaOA2QVHQmttCuEa\nS8Dla9pApVR+IHwCoAGiUbAQNvMQsg3+TGZvkGNtbhMqW2WSzrS+hdTpoWbnnxzM\nQPhDFWkvyLCKyE5CAft0pEA1MU8SISDV+/1diRy38kRSPVye97EdYoz/lGM9jakN\nr1t8ljLEjLZpIMsdcfpxYgtU/dVZaDbFPHLJpb+FeKe2Zf3IoC5a32BmihzIZcuY\n+pprmrit70pmUbHSzSYl5wXjXJKBb1k6zi6hiDKtMHdoL0946g+0X7OYBluw37L2\nQh/FwQYjb49G5XX5t0u+Rwm3KWfQOBH+aQKCAQEAz9oqX5bQgaO9GjckXLTxcrk5\nFWEBjQ8uKyU5xLEfGWofMYFzFviA9D2aeIMQ2z6PIY+N1BpPLjZvElLMOAFJcEgV\nCOwOcSPVnIy/kiNW4d6JG8SVDJrKGrx2ekjSmGIT51ewXDoxvPgISXflJnHgjkIh\nMHUNXrVVK2mx5GjB2CCfqtCwtW6lncdR5XCOrRUWzgYS+xNXtO0+t+/+EZ/qzKY1\nX0QoogkEkLXvNcunbq5zF5H45A+2wv1JT+FQDjhfeFhTxvGrpUxSFMbFWy/ONNZN\nrZZNp8XxNfyNK9952I0f9/fznNjUu+N3pEXhgPuxLnIMEwDkHX3rbQuQPs9gOA==\n-----END RSA PRIVATE KEY-----\n",
            "public_key_fingerprint_md5": "f8:a6:1d:e4:cb:17:92:c0:d4:67:ba:ee:2a:3a:1c:57",
            "public_key_openssh": "ssh-rsa AAAAB3NzaC1yc2EAAAADAQABAAACAQDfWUGipcS0uSdEGpmVhHFkg9wRUKt4/B5wEJC3fTvW2OQk8vq6MaSxg1mbJD/h8QqFuflw2dqVgPftsfJpgwZYltgBV1VBaKceQsl8EP8dP8+UFT0ieYIZz9lbntAE70bI3UWkDW7Ace7nBs4oW+mVJIPRt5A2o1xEEwO81dHejaUrrozSg/UFHKltBMVGPX4rZy8QANAxkfAqao+MCcglgofKTl2I6F+2ZndKqBfF6tzz32ZDS+UzrijTqbDbIHJkd0vjyh/t4AC59tumafflZ/DsMIWgWr0xZMovMPTSJ7MHzTUZXkkX48K+Wd6HmhCAm+VwYR9O8DerxScWAxgUbm8Wd8/Psq6wKFF/eqyvvVl3sEUsIyoMaaNvp7O8FkiJrV8F2vdkPnvz2OXOf5d5mRkCyf0oo6Cm8zKKdRcDs5EyJPtpDgClHWDHVp02wZZZBIBF1h0QqfsMyERPxbQpJ0/PB7NFfPM0Z7nikwJm4CYxztODtf+7wUM0jwdpIm8jpuuR35MJL2L95x5cQQIF9zXy0VwJNLxh7298VFHz2hgVFlDbXfOZJmaUlHHOWwDNqmUd26fQqfpVO9vNoX7qHkfg0EOZBwT/jcExM5zKD8R7UGU0BlmLvxLcm4VpM2Kdn5AzIDn/P7WocTviE+RQlzxT+rm2Bj6/J8438ZYjcw==\n",
            "public_key_pem": "-----BEGIN PUBLIC KEY-----\nMIICIjANBgkqhkiG9w0BAQEFAAOCAg8AMIICCgKCAgEA31lBoqXEtLknRBqZlYRx\nZIPcEVCrePwecBCQt3071tjkJPL6ujGksYNZmyQ/4fEKhbn5cNnalYD37bHyaYMG\nWJbYAVdVQWinHkLJfBD/HT/PlBU9InmCGc/ZW57QBO9GyN1FpA1uwHHu5wbOKFvp\nlSSD0beQNqNcRBMDvNXR3o2lK66M0oP1BRypbQTFRj1+K2cvEADQMZHwKmqPjAnI\nJYKHyk5diOhftmZ3SqgXxerc899mQ0vlM64o06mw2yByZHdL48of7eAAufbbpmn3\n5Wfw7DCFoFq9MWTKLzD00iezB801GV5JF+PCvlneh5oQgJvlcGEfTvA3q8UnFgMY\nFG5vFnfPz7KusChRf3qsr71Zd7BFLCMqDGmjb6ezvBZIia1fBdr3ZD5789jlzn+X\neZkZAsn9KKOgpvMyinUXA7ORMiT7aQ4ApR1gx1adNsGWWQSARdYdEKn7DMhET8W0\nKSdPzwezRXzzNGe54pMCZuAmMc7Tg7X/u8FDNI8HaSJvI6brkd+TCS9i/eceXEEC\nBfc18tFcCTS8Ye9vfFRR89oYFRZQ213zmSZmlJRxzlsAzaplHdun0Kn6VTvbzaF+\n6h5H4NBDmQcE/43BMTOcyg/Ee1BlNAZZi78S3JuFaTNinZ+QMyA5/z+1qHE74hPk\nUJc8U/q5tgY+vyfON/GWI3MCAwEAAQ==\n-----END PUBLIC KEY-----\n",
            "rsa_bits": 4096
          },
          "private": "bnVsbA=="
        }
      ]
    }
  ]
}
