{
  "version": 4,
  "terraform_version": "0.12.26",
  "serial": 15,
  "lineage": "1c22c516-d63e-a264-f3e3-baffd49c6639",
  "outputs": {},
  "resources": [
    {
      "mode": "managed",
      "type": "azurerm_network_interface",
      "name": "Terraformnic",
      "provider": "provider.azurerm",
      "instances": [
        {
          "schema_version": 0,
          "attributes": {
            "applied_dns_servers": [],
            "dns_servers": [],
            "enable_accelerated_networking": false,
            "enable_ip_forwarding": false,
            "id": "/subscriptions/9d0796f5-ae31-4ed1-a9d7-b117655f9318/resourceGroups/Demoterraformrsc/providers/Microsoft.Network/networkInterfaces/terraformdemo-nic",
            "internal_dns_name_label": "",
            "internal_domain_name_suffix": "w2goeihpgkhullkwh403gv3hjd.dx.internal.cloudapp.net",
            "ip_configuration": [
              {
                "name": "terraformipconfig",
                "primary": true,
                "private_ip_address": "192.168.0.50",
                "private_ip_address_allocation": "Static",
                "private_ip_address_version": "IPv4",
                "public_ip_address_id": "/subscriptions/9d0796f5-ae31-4ed1-a9d7-b117655f9318/resourceGroups/Demoterraformrsc/providers/Microsoft.Network/publicIPAddresses/TerraformPublicIP1",
                "subnet_id": "/subscriptions/9d0796f5-ae31-4ed1-a9d7-b117655f9318/resourceGroups/Demoterraformrsc/providers/Microsoft.Network/virtualNetworks/Demovnet/subnets/demosubnet"
              }
            ],
            "location": "westus",
            "mac_address": "",
            "name": "terraformdemo-nic",
            "private_ip_address": "192.168.0.50",
            "private_ip_addresses": [
              "192.168.0.50"
            ],
            "resource_group_name": "Demoterraformrsc",
            "tags": {},
            "timeouts": null,
            "virtual_machine_id": ""
          },
          "private": "eyJlMmJmYjczMC1lY2FhLTExZTYtOGY4OC0zNDM2M2JjN2M0YzAiOnsiY3JlYXRlIjoxODAwMDAwMDAwMDAwLCJkZWxldGUiOjE4MDAwMDAwMDAwMDAsInJlYWQiOjMwMDAwMDAwMDAwMCwidXBkYXRlIjoxODAwMDAwMDAwMDAwfX0=",
          "dependencies": [
            "azurerm_public_ip.TerraformPublicIP1",
            "azurerm_resource_group.terraformrscgroup",
            "azurerm_subnet.subnet"
          ]
        }
      ]
    },
    {
      "mode": "managed",
      "type": "azurerm_network_interface_security_group_association",
      "name": "example",
      "provider": "provider.azurerm",
      "instances": [
        {
          "schema_version": 0,
          "attributes": {
            "id": "/subscriptions/9d0796f5-ae31-4ed1-a9d7-b117655f9318/resourceGroups/Demoterraformrsc/providers/Microsoft.Network/networkInterfaces/terraformdemo-nic|/subscriptions/9d0796f5-ae31-4ed1-a9d7-b117655f9318/resourceGroups/Demoterraformrsc/providers/Microsoft.Network/networkSecurityGroups/myNetworkSecurityGroup",
            "network_interface_id": "/subscriptions/9d0796f5-ae31-4ed1-a9d7-b117655f9318/resourceGroups/Demoterraformrsc/providers/Microsoft.Network/networkInterfaces/terraformdemo-nic",
            "network_security_group_id": "/subscriptions/9d0796f5-ae31-4ed1-a9d7-b117655f9318/resourceGroups/Demoterraformrsc/providers/Microsoft.Network/networkSecurityGroups/myNetworkSecurityGroup",
            "timeouts": null
          },
          "private": "eyJlMmJmYjczMC1lY2FhLTExZTYtOGY4OC0zNDM2M2JjN2M0YzAiOnsiY3JlYXRlIjoxODAwMDAwMDAwMDAwLCJkZWxldGUiOjE4MDAwMDAwMDAwMDAsInJlYWQiOjMwMDAwMDAwMDAwMCwidXBkYXRlIjoxODAwMDAwMDAwMDAwfX0=",
          "dependencies": [
            "azurerm_network_interface.Terraformnic",
            "azurerm_network_security_group.myterraformnsg"
          ]
        }
      ]
    },
    {
      "mode": "managed",
      "type": "azurerm_network_security_group",
      "name": "myterraformnsg",
      "provider": "provider.azurerm",
      "instances": [
        {
          "schema_version": 0,
          "attributes": {
            "id": "/subscriptions/9d0796f5-ae31-4ed1-a9d7-b117655f9318/resourceGroups/Demoterraformrsc/providers/Microsoft.Network/networkSecurityGroups/myNetworkSecurityGroup",
            "location": "westus",
            "name": "myNetworkSecurityGroup",
            "resource_group_name": "Demoterraformrsc",
            "security_rule": [
              {
                "access": "Allow",
                "description": "",
                "destination_address_prefix": "*",
                "destination_address_prefixes": [],
                "destination_application_security_group_ids": [],
                "destination_port_range": "5252",
                "destination_port_ranges": [],
                "direction": "Inbound",
                "name": "SSH",
                "priority": 1001,
                "protocol": "Tcp",
                "source_address_prefix": "*",
                "source_address_prefixes": [],
                "source_application_security_group_ids": [],
                "source_port_range": "*",
                "source_port_ranges": []
              }
            ],
            "tags": {
              "environment": "Terraform NSG"
            },
            "timeouts": null
          },
          "private": "eyJlMmJmYjczMC1lY2FhLTExZTYtOGY4OC0zNDM2M2JjN2M0YzAiOnsiY3JlYXRlIjoxODAwMDAwMDAwMDAwLCJkZWxldGUiOjE4MDAwMDAwMDAwMDAsInJlYWQiOjMwMDAwMDAwMDAwMCwidXBkYXRlIjoxODAwMDAwMDAwMDAwfX0=",
          "dependencies": [
            "azurerm_resource_group.terraformrscgroup"
          ]
        }
      ]
    },
    {
      "mode": "managed",
      "type": "azurerm_public_ip",
      "name": "TerraformPublicIP1",
      "provider": "provider.azurerm",
      "instances": [
        {
          "schema_version": 0,
          "attributes": {
            "allocation_method": "Dynamic",
            "domain_name_label": null,
            "fqdn": null,
            "id": "/subscriptions/9d0796f5-ae31-4ed1-a9d7-b117655f9318/resourceGroups/Demoterraformrsc/providers/Microsoft.Network/publicIPAddresses/TerraformPublicIP1",
            "idle_timeout_in_minutes": 4,
            "ip_address": "",
            "ip_version": "IPv4",
            "location": "westus",
            "name": "TerraformPublicIP1",
            "public_ip_prefix_id": null,
            "resource_group_name": "Demoterraformrsc",
            "reverse_fqdn": null,
            "sku": "Basic",
            "tags": {
              "environment": "Public IP"
            },
            "timeouts": null,
            "zones": []
          },
          "private": "eyJlMmJmYjczMC1lY2FhLTExZTYtOGY4OC0zNDM2M2JjN2M0YzAiOnsiY3JlYXRlIjoxODAwMDAwMDAwMDAwLCJkZWxldGUiOjE4MDAwMDAwMDAwMDAsInJlYWQiOjMwMDAwMDAwMDAwMCwidXBkYXRlIjoxODAwMDAwMDAwMDAwfX0=",
          "dependencies": [
            "azurerm_resource_group.terraformrscgroup"
          ]
        }
      ]
    },
    {
      "mode": "managed",
      "type": "azurerm_resource_group",
      "name": "terraformrscgroup",
      "provider": "provider.azurerm",
      "instances": [
        {
          "schema_version": 0,
          "attributes": {
            "id": "/subscriptions/9d0796f5-ae31-4ed1-a9d7-b117655f9318/resourceGroups/Demoterraformrsc",
            "location": "westus",
            "name": "Demoterraformrsc",
            "tags": {},
            "timeouts": null
          },
          "private": "eyJlMmJmYjczMC1lY2FhLTExZTYtOGY4OC0zNDM2M2JjN2M0YzAiOnsiY3JlYXRlIjo1NDAwMDAwMDAwMDAwLCJkZWxldGUiOjU0MDAwMDAwMDAwMDAsInJlYWQiOjMwMDAwMDAwMDAwMCwidXBkYXRlIjo1NDAwMDAwMDAwMDAwfX0="
        }
      ]
    },
    {
      "mode": "managed",
      "type": "azurerm_subnet",
      "name": "subnet",
      "provider": "provider.azurerm",
      "instances": [
        {
          "schema_version": 0,
          "attributes": {
            "address_prefix": "192.168.0.0/24",
            "address_prefixes": [
              "192.168.0.0/24"
            ],
            "delegation": [],
            "enforce_private_link_endpoint_network_policies": false,
            "enforce_private_link_service_network_policies": false,
            "id": "/subscriptions/9d0796f5-ae31-4ed1-a9d7-b117655f9318/resourceGroups/Demoterraformrsc/providers/Microsoft.Network/virtualNetworks/Demovnet/subnets/demosubnet",
            "name": "demosubnet",
            "resource_group_name": "Demoterraformrsc",
            "service_endpoints": [],
            "timeouts": null,
            "virtual_network_name": "Demovnet"
          },
          "private": "eyJlMmJmYjczMC1lY2FhLTExZTYtOGY4OC0zNDM2M2JjN2M0YzAiOnsiY3JlYXRlIjoxODAwMDAwMDAwMDAwLCJkZWxldGUiOjE4MDAwMDAwMDAwMDAsInJlYWQiOjMwMDAwMDAwMDAwMCwidXBkYXRlIjoxODAwMDAwMDAwMDAwfX0=",
          "dependencies": [
            "azurerm_resource_group.terraformrscgroup",
            "azurerm_virtual_network.terraformvnet"
          ]
        }
      ]
    },
    {
      "mode": "managed",
      "type": "azurerm_virtual_network",
      "name": "terraformvnet",
      "provider": "provider.azurerm",
      "instances": [
        {
          "schema_version": 0,
          "attributes": {
            "address_space": [
              "192.168.0.0/24"
            ],
            "ddos_protection_plan": [],
            "dns_servers": [],
            "guid": "20e20cb7-32ef-458f-ad56-3fb5d357a74b",
            "id": "/subscriptions/9d0796f5-ae31-4ed1-a9d7-b117655f9318/resourceGroups/Demoterraformrsc/providers/Microsoft.Network/virtualNetworks/Demovnet",
            "location": "westus",
            "name": "Demovnet",
            "resource_group_name": "Demoterraformrsc",
            "subnet": [
              {
                "address_prefix": "192.168.0.0/24",
                "id": "/subscriptions/9d0796f5-ae31-4ed1-a9d7-b117655f9318/resourceGroups/Demoterraformrsc/providers/Microsoft.Network/virtualNetworks/Demovnet/subnets/demosubnet",
                "name": "demosubnet",
                "security_group": ""
              }
            ],
            "tags": {
              "environment": "Terraform Demo"
            },
            "timeouts": null
          },
          "private": "eyJlMmJmYjczMC1lY2FhLTExZTYtOGY4OC0zNDM2M2JjN2M0YzAiOnsiY3JlYXRlIjoxODAwMDAwMDAwMDAwLCJkZWxldGUiOjE4MDAwMDAwMDAwMDAsInJlYWQiOjMwMDAwMDAwMDAwMCwidXBkYXRlIjoxODAwMDAwMDAwMDAwfX0=",
          "dependencies": [
            "azurerm_resource_group.terraformrscgroup"
          ]
        }
      ]
    },
    {
      "mode": "managed",
      "type": "random_id",
      "name": "ramdonidgnr",
      "provider": "provider.random",
      "instances": [
        {
          "schema_version": 0,
          "attributes": {
            "b64": "ppeFlU-TPXw",
            "b64_std": "ppeFlU+TPXw=",
            "b64_url": "ppeFlU-TPXw",
            "byte_length": 8,
            "dec": "12004210208111017340",
            "hex": "a69785954f933d7c",
            "id": "ppeFlU-TPXw",
            "keepers": {
              "resource_group_name": "Demoterraformrsc"
            },
            "prefix": null
          },
          "private": "bnVsbA==",
          "dependencies": [
            "azurerm_resource_group.terraformrscgroup"
          ]
        }
      ]
    }
  ]
}
